
Microsoft Visual Studio Solution File, Format Version 12.00
# Visual Studio Version 17
VisualStudioVersion = 17.5.002.0
MinimumVisualStudioVersion = 10.0.40219.1
Project("{9A19103F-16F7-4668-BE54-9A1E7A4F7556}") = "Heranca_Object", "Heranca_Object.csproj", "{A62BB941-F06E-45C4-952D-8E8E9B2700C5}"
EndProject
Global
	GlobalSection(SolutionConfigurationPlatforms) = preSolution
		Debug|Any CPU = Debug|Any CPU
		Release|Any CPU = Release|Any CPU
	EndGlobalSection
	GlobalSection(ProjectConfigurationPlatforms) = postSolution
		{A62BB941-F06E-45C4-952D-8E8E9B2700C5}.Debug|Any CPU.ActiveCfg = Debug|Any CPU
		{A62BB941-F06E-45C4-952D-8E8E9B2700C5}.Debug|Any CPU.Build.0 = Debug|Any CPU
		{A62BB941-F06E-45C4-952D-8E8E9B2700C5}.Release|Any CPU.ActiveCfg = Release|Any CPU
		{A62BB941-F06E-45C4-952D-8E8E9B2700C5}.Release|Any CPU.Build.0 = Release|Any CPU
	EndGlobalSection
	GlobalSection(SolutionProperties) = preSolution
		HideSolutionNode = FALSE
	EndGlobalSection
	GlobalSection(ExtensibilityGlobals) = postSolution
		SolutionGuid = {11C3AC39-2BA0-4A08-A67C-BC66D21CC623}
	EndGlobalSection
EndGlobal
