
Microsoft Visual Studio Solution File, Format Version 12.00
# Visual Studio Version 17
VisualStudioVersion = 17.5.002.0
MinimumVisualStudioVersion = 10.0.40219.1
Project("{9A19103F-16F7-4668-BE54-9A1E7A4F7556}") = "EstruturaControle", "EstruturaControle.csproj", "{1544618A-9C2E-4E95-888F-371506D3439D}"
EndProject
Global
	GlobalSection(SolutionConfigurationPlatforms) = preSolution
		Debug|Any CPU = Debug|Any CPU
		Release|Any CPU = Release|Any CPU
	EndGlobalSection
	GlobalSection(ProjectConfigurationPlatforms) = postSolution
		{1544618A-9C2E-4E95-888F-371506D3439D}.Debug|Any CPU.ActiveCfg = Debug|Any CPU
		{1544618A-9C2E-4E95-888F-371506D3439D}.Debug|Any CPU.Build.0 = Debug|Any CPU
		{1544618A-9C2E-4E95-888F-371506D3439D}.Release|Any CPU.ActiveCfg = Release|Any CPU
		{1544618A-9C2E-4E95-888F-371506D3439D}.Release|Any CPU.Build.0 = Release|Any CPU
	EndGlobalSection
	GlobalSection(SolutionProperties) = preSolution
		HideSolutionNode = FALSE
	EndGlobalSection
	GlobalSection(ExtensibilityGlobals) = postSolution
		SolutionGuid = {104D25F2-6626-464C-BAC7-797FA85FB0CC}
	EndGlobalSection
EndGlobal
