
Microsoft Visual Studio Solution File, Format Version 12.00
# Visual Studio Version 17
VisualStudioVersion = 17.5.002.0
MinimumVisualStudioVersion = 10.0.40219.1
Project("{9A19103F-16F7-4668-BE54-9A1E7A4F7556}") = "Queue", "Queue.csproj", "{450CB541-560F-4139-8E58-CDA957B87C83}"
EndProject
Global
	GlobalSection(SolutionConfigurationPlatforms) = preSolution
		Debug|Any CPU = Debug|Any CPU
		Release|Any CPU = Release|Any CPU
	EndGlobalSection
	GlobalSection(ProjectConfigurationPlatforms) = postSolution
		{450CB541-560F-4139-8E58-CDA957B87C83}.Debug|Any CPU.ActiveCfg = Debug|Any CPU
		{450CB541-560F-4139-8E58-CDA957B87C83}.Debug|Any CPU.Build.0 = Debug|Any CPU
		{450CB541-560F-4139-8E58-CDA957B87C83}.Release|Any CPU.ActiveCfg = Release|Any CPU
		{450CB541-560F-4139-8E58-CDA957B87C83}.Release|Any CPU.Build.0 = Release|Any CPU
	EndGlobalSection
	GlobalSection(SolutionProperties) = preSolution
		HideSolutionNode = FALSE
	EndGlobalSection
	GlobalSection(ExtensibilityGlobals) = postSolution
		SolutionGuid = {572E6822-9E5A-43CF-B9A5-49C3AA2EC2A2}
	EndGlobalSection
EndGlobal
