
Microsoft Visual Studio Solution File, Format Version 12.00
# Visual Studio Version 17
VisualStudioVersion = 17.5.002.0
MinimumVisualStudioVersion = 10.0.40219.1
Project("{9A19103F-16F7-4668-BE54-9A1E7A4F7556}") = "ArrayList3", "ArrayList3.csproj", "{E7BD0F83-6792-43C2-A831-2FCCED897857}"
EndProject
Global
	GlobalSection(SolutionConfigurationPlatforms) = preSolution
		Debug|Any CPU = Debug|Any CPU
		Release|Any CPU = Release|Any CPU
	EndGlobalSection
	GlobalSection(ProjectConfigurationPlatforms) = postSolution
		{E7BD0F83-6792-43C2-A831-2FCCED897857}.Debug|Any CPU.ActiveCfg = Debug|Any CPU
		{E7BD0F83-6792-43C2-A831-2FCCED897857}.Debug|Any CPU.Build.0 = Debug|Any CPU
		{E7BD0F83-6792-43C2-A831-2FCCED897857}.Release|Any CPU.ActiveCfg = Release|Any CPU
		{E7BD0F83-6792-43C2-A831-2FCCED897857}.Release|Any CPU.Build.0 = Release|Any CPU
	EndGlobalSection
	GlobalSection(SolutionProperties) = preSolution
		HideSolutionNode = FALSE
	EndGlobalSection
	GlobalSection(ExtensibilityGlobals) = postSolution
		SolutionGuid = {F7586C3D-947A-4BE2-A2E6-B7E6414C23DC}
	EndGlobalSection
EndGlobal
