
Microsoft Visual Studio Solution File, Format Version 12.00
# Visual Studio Version 17
VisualStudioVersion = 17.5.002.0
MinimumVisualStudioVersion = 10.0.40219.1
Project("{9A19103F-16F7-4668-BE54-9A1E7A4F7556}") = "Heranca_Construtores", "Heranca_Construtores.csproj", "{895F7128-C5F0-44CE-ADB8-2D1E7D789CC2}"
EndProject
Global
	GlobalSection(SolutionConfigurationPlatforms) = preSolution
		Debug|Any CPU = Debug|Any CPU
		Release|Any CPU = Release|Any CPU
	EndGlobalSection
	GlobalSection(ProjectConfigurationPlatforms) = postSolution
		{895F7128-C5F0-44CE-ADB8-2D1E7D789CC2}.Debug|Any CPU.ActiveCfg = Debug|Any CPU
		{895F7128-C5F0-44CE-ADB8-2D1E7D789CC2}.Debug|Any CPU.Build.0 = Debug|Any CPU
		{895F7128-C5F0-44CE-ADB8-2D1E7D789CC2}.Release|Any CPU.ActiveCfg = Release|Any CPU
		{895F7128-C5F0-44CE-ADB8-2D1E7D789CC2}.Release|Any CPU.Build.0 = Release|Any CPU
	EndGlobalSection
	GlobalSection(SolutionProperties) = preSolution
		HideSolutionNode = FALSE
	EndGlobalSection
	GlobalSection(ExtensibilityGlobals) = postSolution
		SolutionGuid = {51866532-77BA-46EF-AA25-8E4E846DEF46}
	EndGlobalSection
EndGlobal
