
Microsoft Visual Studio Solution File, Format Version 12.00
# Visual Studio Version 17
VisualStudioVersion = 17.5.002.0
MinimumVisualStudioVersion = 10.0.40219.1
Project("{9A19103F-16F7-4668-BE54-9A1E7A4F7556}") = "Indexadores", "Indexadores.csproj", "{9714928D-15B1-413C-9A31-E9C5373A9BFB}"
EndProject
Global
	GlobalSection(SolutionConfigurationPlatforms) = preSolution
		Debug|Any CPU = Debug|Any CPU
		Release|Any CPU = Release|Any CPU
	EndGlobalSection
	GlobalSection(ProjectConfigurationPlatforms) = postSolution
		{9714928D-15B1-413C-9A31-E9C5373A9BFB}.Debug|Any CPU.ActiveCfg = Debug|Any CPU
		{9714928D-15B1-413C-9A31-E9C5373A9BFB}.Debug|Any CPU.Build.0 = Debug|Any CPU
		{9714928D-15B1-413C-9A31-E9C5373A9BFB}.Release|Any CPU.ActiveCfg = Release|Any CPU
		{9714928D-15B1-413C-9A31-E9C5373A9BFB}.Release|Any CPU.Build.0 = Release|Any CPU
	EndGlobalSection
	GlobalSection(SolutionProperties) = preSolution
		HideSolutionNode = FALSE
	EndGlobalSection
	GlobalSection(ExtensibilityGlobals) = postSolution
		SolutionGuid = {120FC86E-2797-4C5A-B39E-B9EC9CAA8BD6}
	EndGlobalSection
EndGlobal
