
Microsoft Visual Studio Solution File, Format Version 12.00
# Visual Studio Version 17
VisualStudioVersion = 17.5.002.0
MinimumVisualStudioVersion = 10.0.40219.1
Project("{9A19103F-16F7-4668-BE54-9A1E7A4F7556}") = "Structs", "Structs.csproj", "{508184AA-3372-45BD-8DCE-C520E3067803}"
EndProject
Global
	GlobalSection(SolutionConfigurationPlatforms) = preSolution
		Debug|Any CPU = Debug|Any CPU
		Release|Any CPU = Release|Any CPU
	EndGlobalSection
	GlobalSection(ProjectConfigurationPlatforms) = postSolution
		{508184AA-3372-45BD-8DCE-C520E3067803}.Debug|Any CPU.ActiveCfg = Debug|Any CPU
		{508184AA-3372-45BD-8DCE-C520E3067803}.Debug|Any CPU.Build.0 = Debug|Any CPU
		{508184AA-3372-45BD-8DCE-C520E3067803}.Release|Any CPU.ActiveCfg = Release|Any CPU
		{508184AA-3372-45BD-8DCE-C520E3067803}.Release|Any CPU.Build.0 = Release|Any CPU
	EndGlobalSection
	GlobalSection(SolutionProperties) = preSolution
		HideSolutionNode = FALSE
	EndGlobalSection
	GlobalSection(ExtensibilityGlobals) = postSolution
		SolutionGuid = {AEE1EDD3-904F-4C96-84B0-22014CE3EB15}
	EndGlobalSection
EndGlobal
