
Microsoft Visual Studio Solution File, Format Version 12.00
# Visual Studio Version 17
VisualStudioVersion = 17.5.002.0
MinimumVisualStudioVersion = 10.0.40219.1
Project("{9A19103F-16F7-4668-BE54-9A1E7A4F7556}") = "OrientadoAObjetos", "OrientadoAObjetos.csproj", "{BCC06263-F340-4BDC-854F-7E8C688AEB37}"
EndProject
Global
	GlobalSection(SolutionConfigurationPlatforms) = preSolution
		Debug|Any CPU = Debug|Any CPU
		Release|Any CPU = Release|Any CPU
	EndGlobalSection
	GlobalSection(ProjectConfigurationPlatforms) = postSolution
		{BCC06263-F340-4BDC-854F-7E8C688AEB37}.Debug|Any CPU.ActiveCfg = Debug|Any CPU
		{BCC06263-F340-4BDC-854F-7E8C688AEB37}.Debug|Any CPU.Build.0 = Debug|Any CPU
		{BCC06263-F340-4BDC-854F-7E8C688AEB37}.Release|Any CPU.ActiveCfg = Release|Any CPU
		{BCC06263-F340-4BDC-854F-7E8C688AEB37}.Release|Any CPU.Build.0 = Release|Any CPU
	EndGlobalSection
	GlobalSection(SolutionProperties) = preSolution
		HideSolutionNode = FALSE
	EndGlobalSection
	GlobalSection(ExtensibilityGlobals) = postSolution
		SolutionGuid = {8C333FB9-70D7-4E19-977F-544A06F3C9E4}
	EndGlobalSection
EndGlobal
