
Microsoft Visual Studio Solution File, Format Version 12.00
# Visual Studio Version 17
VisualStudioVersion = 17.5.002.0
MinimumVisualStudioVersion = 10.0.40219.1
Project("{9A19103F-16F7-4668-BE54-9A1E7A4F7556}") = "Enum", "Enum.csproj", "{B0B25C42-05C0-4D4E-8854-31E0BCC4B69F}"
EndProject
Global
	GlobalSection(SolutionConfigurationPlatforms) = preSolution
		Debug|Any CPU = Debug|Any CPU
		Release|Any CPU = Release|Any CPU
	EndGlobalSection
	GlobalSection(ProjectConfigurationPlatforms) = postSolution
		{B0B25C42-05C0-4D4E-8854-31E0BCC4B69F}.Debug|Any CPU.ActiveCfg = Debug|Any CPU
		{B0B25C42-05C0-4D4E-8854-31E0BCC4B69F}.Debug|Any CPU.Build.0 = Debug|Any CPU
		{B0B25C42-05C0-4D4E-8854-31E0BCC4B69F}.Release|Any CPU.ActiveCfg = Release|Any CPU
		{B0B25C42-05C0-4D4E-8854-31E0BCC4B69F}.Release|Any CPU.Build.0 = Release|Any CPU
	EndGlobalSection
	GlobalSection(SolutionProperties) = preSolution
		HideSolutionNode = FALSE
	EndGlobalSection
	GlobalSection(ExtensibilityGlobals) = postSolution
		SolutionGuid = {44ABBC71-58EF-40E4-B8CD-083F7CDE2B53}
	EndGlobalSection
EndGlobal
